
Microsoft Visual Studio Solution File, Format Version 12.00
# Visual Studio 15
VisualStudioVersion = 15.0.27703.2026
MinimumVisualStudioVersion = 10.0.40219.1
Project("{FAE04EC0-301F-11D3-BF4B-00C04F79EFBC}") = "Vidly", "Vidly\Vidly.csproj", "{507A377C-8E69-446E-96F4-3846BBDE5EC5}"
EndProject
Global
	GlobalSection(SolutionConfigurationPlatforms) = preSolution
		Debug|Any CPU = Debug|Any CPU
		Release|Any CPU = Release|Any CPU
	EndGlobalSection
	GlobalSection(ProjectConfigurationPlatforms) = postSolution
		{507A377C-8E69-446E-96F4-3846BBDE5EC5}.Debug|Any CPU.ActiveCfg = Debug|Any CPU
		{507A377C-8E69-446E-96F4-3846BBDE5EC5}.Debug|Any CPU.Build.0 = Debug|Any CPU
		{507A377C-8E69-446E-96F4-3846BBDE5EC5}.Release|Any CPU.ActiveCfg = Release|Any CPU
		{507A377C-8E69-446E-96F4-3846BBDE5EC5}.Release|Any CPU.Build.0 = Release|Any CPU
	EndGlobalSection
	GlobalSection(SolutionProperties) = preSolution
		HideSolutionNode = FALSE
	EndGlobalSection
	GlobalSection(ExtensibilityGlobals) = postSolution
		SolutionGuid = {2B2CE9DE-E491-4B7B-B088-24728D55C8B7}
	EndGlobalSection
EndGlobal
